
Microsoft Visual Studio Solution File, Format Version 12.00
# Visual Studio Version 17
VisualStudioVersion = 17.12.35521.163
MinimumVisualStudioVersion = 10.0.40219.1
Project("{2150E333-8FDC-42A3-9474-1A3956D46DE8}") = "Solution Items", "Solution Items", "{19813E82-38FE-454C-BE61-257C5E13263B}"
	ProjectSection(SolutionItems) = preProject
		.editorconfig = .editorconfig
	EndProjectSection
EndProject
Project("{2150E333-8FDC-42A3-9474-1A3956D46DE8}") = "src", "src", "{5B986B3D-2A27-4B07-99E3-686EA17A6FC7}"
EndProject
Project("{2150E333-8FDC-42A3-9474-1A3956D46DE8}") = "api", "api", "{DBD02231-D89F-4E7A-936C-DFD0C893FB6D}"
EndProject
Project("{2150E333-8FDC-42A3-9474-1A3956D46DE8}") = "libs", "libs", "{9C5FE2B1-EBA1-4CC1-87C2-49731443E9C1}"
EndProject
Project("{FAE04EC0-301F-11D3-BF4B-00C04F79EFBC}") = "Fz.Core.Result", "Fz.Core.Result\Fz.Core.Result.csproj", "{662C0814-9B61-42BD-876F-47DDC021C190}"
EndProject
Project("{FAE04EC0-301F-11D3-BF4B-00C04F79EFBC}") = "Fz.Core.Result.Extensions", "Fz.Core.Result.Extensions\Fz.Core.Result.Extensions.csproj", "{ED2162DA-2AF8-4A49-96B8-FE2DED67D07B}"
EndProject
Project("{FAE04EC0-301F-11D3-BF4B-00C04F79EFBC}") = "Fz.Core.Cache", "Fz.Core.Cache\Fz.Core.Cache.csproj", "{1398C808-951E-4DC8-BAE8-37AE11BAF32A}"
EndProject
Project("{FAE04EC0-301F-11D3-BF4B-00C04F79EFBC}") = "Fz.Finanzaseguros.Api", "Fz.Finanzaseguros.Api\Fz.Finanzaseguros.Api.csproj", "{51848C09-3385-471F-A6FF-46B519D7818E}"
EndProject
Project("{FAE04EC0-301F-11D3-BF4B-00C04F79EFBC}") = "Fz.Core.Persistence", "Fz.Core.Persistence\Fz.Core.Persistence.csproj", "{32352D63-3A1D-4D6B-A871-E32B59A0CFA9}"
EndProject
Project("{FAE04EC0-301F-11D3-BF4B-00C04F79EFBC}") = "Fz.Core.Http", "Fz.Core.Http\Fz.Core.Http.csproj", "{4A116EF5-998C-41BB-AA20-9C6819C18302}"
EndProject
Project("{FAE04EC0-301F-11D3-BF4B-00C04F79EFBC}") = "Fz.Core.Domain.Primitives", "Fz.Core.Domain.Primitives\Fz.Core.Domain.Primitives.csproj", "{F8970FC7-2410-424F-87B9-4A4DDBBAB4D8}"
EndProject
Project("{FAE04EC0-301F-11D3-BF4B-00C04F79EFBC}") = "Fz.Core.Cache.InMemory", "Fz.Core.Cache.InMemory\Fz.Core.Cache.InMemory.csproj", "{5E1FFEA4-7BEA-498A-B04A-18ADF4EE28AC}"
EndProject
Project("{2150E333-8FDC-42A3-9474-1A3956D46DE8}") = "identity", "identity", "{9ECEC38A-4877-4E00-B264-7CF9BB62B158}"
EndProject
Project("{FAE04EC0-301F-11D3-BF4B-00C04F79EFBC}") = "Fz.Identity.Api", "Fz.Identity.Api\Fz.Identity.Api.csproj", "{5BFA869D-3AD9-4373-95AE-EB79AFDE7DA3}"
EndProject
Project("{2150E333-8FDC-42A3-9474-1A3956D46DE8}") = "core", "core", "{DDAE281C-37BB-4F94-833B-FD1AE9AF620B}"
EndProject
Project("{FAE04EC0-301F-11D3-BF4B-00C04F79EFBC}") = "Fz.Finanzaseguros.Infrastructure", "Fz.Finanzaseguros.Infrastructure\Fz.Finanzaseguros.Infrastructure.csproj", "{FBD4D678-4761-496E-A2A2-0AC5BE805C59}"
EndProject
Project("{FAE04EC0-301F-11D3-BF4B-00C04F79EFBC}") = "Fz.Finanzaseguros.Application", "Fz.Finanzaseguros.Application\Fz.Finanzaseguros.Application.csproj", "{0F882BA0-A561-4686-BD34-31ABD7A77C91}"
EndProject
Project("{FAE04EC0-301F-11D3-BF4B-00C04F79EFBC}") = "Fz.Core.Persistence.Configuration", "Fz.Core.Persistence.Configuration\Fz.Core.Persistence.Configuration.csproj", "{80290091-DBD4-4E7E-8074-634F66B79A7D}"
EndProject
Project("{FAE04EC0-301F-11D3-BF4B-00C04F79EFBC}") = "Fz.Finanzaseguros.Persistence", "Fz.Finanzaseguros.Persistence\Fz.Finanzaseguros.Persistence.csproj", "{1CBC50FA-FD03-4BED-BBB3-79380FDC304E}"
EndProject
Global
	GlobalSection(SolutionConfigurationPlatforms) = preSolution
		Debug|Any CPU = Debug|Any CPU
		Release|Any CPU = Release|Any CPU
	EndGlobalSection
	GlobalSection(ProjectConfigurationPlatforms) = postSolution
		{662C0814-9B61-42BD-876F-47DDC021C190}.Debug|Any CPU.ActiveCfg = Debug|Any CPU
		{662C0814-9B61-42BD-876F-47DDC021C190}.Debug|Any CPU.Build.0 = Debug|Any CPU
		{662C0814-9B61-42BD-876F-47DDC021C190}.Release|Any CPU.ActiveCfg = Release|Any CPU
		{662C0814-9B61-42BD-876F-47DDC021C190}.Release|Any CPU.Build.0 = Release|Any CPU
		{ED2162DA-2AF8-4A49-96B8-FE2DED67D07B}.Debug|Any CPU.ActiveCfg = Debug|Any CPU
		{ED2162DA-2AF8-4A49-96B8-FE2DED67D07B}.Debug|Any CPU.Build.0 = Debug|Any CPU
		{ED2162DA-2AF8-4A49-96B8-FE2DED67D07B}.Release|Any CPU.ActiveCfg = Release|Any CPU
		{ED2162DA-2AF8-4A49-96B8-FE2DED67D07B}.Release|Any CPU.Build.0 = Release|Any CPU
		{1398C808-951E-4DC8-BAE8-37AE11BAF32A}.Debug|Any CPU.ActiveCfg = Debug|Any CPU
		{1398C808-951E-4DC8-BAE8-37AE11BAF32A}.Debug|Any CPU.Build.0 = Debug|Any CPU
		{1398C808-951E-4DC8-BAE8-37AE11BAF32A}.Release|Any CPU.ActiveCfg = Release|Any CPU
		{1398C808-951E-4DC8-BAE8-37AE11BAF32A}.Release|Any CPU.Build.0 = Release|Any CPU
		{51848C09-3385-471F-A6FF-46B519D7818E}.Debug|Any CPU.ActiveCfg = Debug|Any CPU
		{51848C09-3385-471F-A6FF-46B519D7818E}.Debug|Any CPU.Build.0 = Debug|Any CPU
		{51848C09-3385-471F-A6FF-46B519D7818E}.Release|Any CPU.ActiveCfg = Release|Any CPU
		{51848C09-3385-471F-A6FF-46B519D7818E}.Release|Any CPU.Build.0 = Release|Any CPU
		{32352D63-3A1D-4D6B-A871-E32B59A0CFA9}.Debug|Any CPU.ActiveCfg = Debug|Any CPU
		{32352D63-3A1D-4D6B-A871-E32B59A0CFA9}.Debug|Any CPU.Build.0 = Debug|Any CPU
		{32352D63-3A1D-4D6B-A871-E32B59A0CFA9}.Release|Any CPU.ActiveCfg = Release|Any CPU
		{32352D63-3A1D-4D6B-A871-E32B59A0CFA9}.Release|Any CPU.Build.0 = Release|Any CPU
		{4A116EF5-998C-41BB-AA20-9C6819C18302}.Debug|Any CPU.ActiveCfg = Debug|Any CPU
		{4A116EF5-998C-41BB-AA20-9C6819C18302}.Debug|Any CPU.Build.0 = Debug|Any CPU
		{4A116EF5-998C-41BB-AA20-9C6819C18302}.Release|Any CPU.ActiveCfg = Release|Any CPU
		{4A116EF5-998C-41BB-AA20-9C6819C18302}.Release|Any CPU.Build.0 = Release|Any CPU
		{F8970FC7-2410-424F-87B9-4A4DDBBAB4D8}.Debug|Any CPU.ActiveCfg = Debug|Any CPU
		{F8970FC7-2410-424F-87B9-4A4DDBBAB4D8}.Debug|Any CPU.Build.0 = Debug|Any CPU
		{F8970FC7-2410-424F-87B9-4A4DDBBAB4D8}.Release|Any CPU.ActiveCfg = Release|Any CPU
		{F8970FC7-2410-424F-87B9-4A4DDBBAB4D8}.Release|Any CPU.Build.0 = Release|Any CPU
		{5E1FFEA4-7BEA-498A-B04A-18ADF4EE28AC}.Debug|Any CPU.ActiveCfg = Debug|Any CPU
		{5E1FFEA4-7BEA-498A-B04A-18ADF4EE28AC}.Debug|Any CPU.Build.0 = Debug|Any CPU
		{5E1FFEA4-7BEA-498A-B04A-18ADF4EE28AC}.Release|Any CPU.ActiveCfg = Release|Any CPU
		{5E1FFEA4-7BEA-498A-B04A-18ADF4EE28AC}.Release|Any CPU.Build.0 = Release|Any CPU
		{5BFA869D-3AD9-4373-95AE-EB79AFDE7DA3}.Debug|Any CPU.ActiveCfg = Debug|Any CPU
		{5BFA869D-3AD9-4373-95AE-EB79AFDE7DA3}.Debug|Any CPU.Build.0 = Debug|Any CPU
		{5BFA869D-3AD9-4373-95AE-EB79AFDE7DA3}.Release|Any CPU.ActiveCfg = Release|Any CPU
		{5BFA869D-3AD9-4373-95AE-EB79AFDE7DA3}.Release|Any CPU.Build.0 = Release|Any CPU
		{FBD4D678-4761-496E-A2A2-0AC5BE805C59}.Debug|Any CPU.ActiveCfg = Debug|Any CPU
		{FBD4D678-4761-496E-A2A2-0AC5BE805C59}.Debug|Any CPU.Build.0 = Debug|Any CPU
		{FBD4D678-4761-496E-A2A2-0AC5BE805C59}.Release|Any CPU.ActiveCfg = Release|Any CPU
		{FBD4D678-4761-496E-A2A2-0AC5BE805C59}.Release|Any CPU.Build.0 = Release|Any CPU
		{0F882BA0-A561-4686-BD34-31ABD7A77C91}.Debug|Any CPU.ActiveCfg = Debug|Any CPU
		{0F882BA0-A561-4686-BD34-31ABD7A77C91}.Debug|Any CPU.Build.0 = Debug|Any CPU
		{0F882BA0-A561-4686-BD34-31ABD7A77C91}.Release|Any CPU.ActiveCfg = Release|Any CPU
		{0F882BA0-A561-4686-BD34-31ABD7A77C91}.Release|Any CPU.Build.0 = Release|Any CPU
		{80290091-DBD4-4E7E-8074-634F66B79A7D}.Debug|Any CPU.ActiveCfg = Debug|Any CPU
		{80290091-DBD4-4E7E-8074-634F66B79A7D}.Debug|Any CPU.Build.0 = Debug|Any CPU
		{80290091-DBD4-4E7E-8074-634F66B79A7D}.Release|Any CPU.ActiveCfg = Release|Any CPU
		{80290091-DBD4-4E7E-8074-634F66B79A7D}.Release|Any CPU.Build.0 = Release|Any CPU
		{1CBC50FA-FD03-4BED-BBB3-79380FDC304E}.Debug|Any CPU.ActiveCfg = Debug|Any CPU
		{1CBC50FA-FD03-4BED-BBB3-79380FDC304E}.Debug|Any CPU.Build.0 = Debug|Any CPU
		{1CBC50FA-FD03-4BED-BBB3-79380FDC304E}.Release|Any CPU.ActiveCfg = Release|Any CPU
		{1CBC50FA-FD03-4BED-BBB3-79380FDC304E}.Release|Any CPU.Build.0 = Release|Any CPU
	EndGlobalSection
	GlobalSection(SolutionProperties) = preSolution
		HideSolutionNode = FALSE
	EndGlobalSection
	GlobalSection(NestedProjects) = preSolution
		{DBD02231-D89F-4E7A-936C-DFD0C893FB6D} = {5B986B3D-2A27-4B07-99E3-686EA17A6FC7}
		{9C5FE2B1-EBA1-4CC1-87C2-49731443E9C1} = {5B986B3D-2A27-4B07-99E3-686EA17A6FC7}
		{662C0814-9B61-42BD-876F-47DDC021C190} = {9C5FE2B1-EBA1-4CC1-87C2-49731443E9C1}
		{ED2162DA-2AF8-4A49-96B8-FE2DED67D07B} = {9C5FE2B1-EBA1-4CC1-87C2-49731443E9C1}
		{1398C808-951E-4DC8-BAE8-37AE11BAF32A} = {9C5FE2B1-EBA1-4CC1-87C2-49731443E9C1}
		{51848C09-3385-471F-A6FF-46B519D7818E} = {DBD02231-D89F-4E7A-936C-DFD0C893FB6D}
		{32352D63-3A1D-4D6B-A871-E32B59A0CFA9} = {9C5FE2B1-EBA1-4CC1-87C2-49731443E9C1}
		{4A116EF5-998C-41BB-AA20-9C6819C18302} = {9C5FE2B1-EBA1-4CC1-87C2-49731443E9C1}
		{F8970FC7-2410-424F-87B9-4A4DDBBAB4D8} = {9C5FE2B1-EBA1-4CC1-87C2-49731443E9C1}
		{5E1FFEA4-7BEA-498A-B04A-18ADF4EE28AC} = {9C5FE2B1-EBA1-4CC1-87C2-49731443E9C1}
		{9ECEC38A-4877-4E00-B264-7CF9BB62B158} = {5B986B3D-2A27-4B07-99E3-686EA17A6FC7}
		{5BFA869D-3AD9-4373-95AE-EB79AFDE7DA3} = {9ECEC38A-4877-4E00-B264-7CF9BB62B158}
		{DDAE281C-37BB-4F94-833B-FD1AE9AF620B} = {DBD02231-D89F-4E7A-936C-DFD0C893FB6D}
		{FBD4D678-4761-496E-A2A2-0AC5BE805C59} = {DDAE281C-37BB-4F94-833B-FD1AE9AF620B}
		{0F882BA0-A561-4686-BD34-31ABD7A77C91} = {DDAE281C-37BB-4F94-833B-FD1AE9AF620B}
		{80290091-DBD4-4E7E-8074-634F66B79A7D} = {9C5FE2B1-EBA1-4CC1-87C2-49731443E9C1}
		{1CBC50FA-FD03-4BED-BBB3-79380FDC304E} = {DDAE281C-37BB-4F94-833B-FD1AE9AF620B}
	EndGlobalSection
EndGlobal
